Microsoft Visual Studio Solution File, Format Version 12.00
# Visual Studio Version 17
VisualStudioVersion = 17.8.0.0
MinimumVisualStudioVersion = 17.8.0.0
Project("{9A19103F-16F7-4668-BE54-9A1E7A4F7556}") = "AspirInit.AppHost", "AspirInit.AppHost\AspirInit.AppHost.csproj", "{8950E3CC-814A-45C4-8093-F18C28858A50}"
EndProject
Project("{9A19103F-16F7-4668-BE54-9A1E7A4F7556}") = "AspirInit.ServiceDefaults", "AspirInit.ServiceDefaults\AspirInit.ServiceDefaults.csproj", "{889A3561-8316-49B0-9F36-808AF5B38887}"
EndProject
Project("{9A19103F-16F7-4668-BE54-9A1E7A4F7556}") = "AspirInit.ApiService", "AspirInit.ApiService\AspirInit.ApiService.csproj", "{9F890EF3-3AED-416E-9582-E9FD0EB6D616}"
EndProject
Project("{9A19103F-16F7-4668-BE54-9A1E7A4F7556}") = "AspirInit.Web", "AspirInit.Web\AspirInit.Web.csproj", "{9CCCC083-0DE1-4296-A251-2310E7CF5B76}"
EndProject
Global
	GlobalSection(SolutionConfigurationPlatforms) = preSolution
		Debug|Any CPU = Debug|Any CPU
		Release|Any CPU = Release|Any CPU
	EndGlobalSection
	GlobalSection(ProjectConfigurationPlatforms) = postSolution
		{8950E3CC-814A-45C4-8093-F18C28858A50}.Debug|Any CPU.ActiveCfg = Debug|Any CPU
		{8950E3CC-814A-45C4-8093-F18C28858A50}.Debug|Any CPU.Build.0 = Debug|Any CPU
		{8950E3CC-814A-45C4-8093-F18C28858A50}.Release|Any CPU.ActiveCfg = Release|Any CPU
		{8950E3CC-814A-45C4-8093-F18C28858A50}.Release|Any CPU.Build.0 = Release|Any CPU
		{889A3561-8316-49B0-9F36-808AF5B38887}.Debug|Any CPU.ActiveCfg = Debug|Any CPU
		{889A3561-8316-49B0-9F36-808AF5B38887}.Debug|Any CPU.Build.0 = Debug|Any CPU
		{889A3561-8316-49B0-9F36-808AF5B38887}.Release|Any CPU.ActiveCfg = Release|Any CPU
		{889A3561-8316-49B0-9F36-808AF5B38887}.Release|Any CPU.Build.0 = Release|Any CPU
		{9F890EF3-3AED-416E-9582-E9FD0EB6D616}.Debug|Any CPU.ActiveCfg = Debug|Any CPU
		{9F890EF3-3AED-416E-9582-E9FD0EB6D616}.Debug|Any CPU.Build.0 = Debug|Any CPU
		{9F890EF3-3AED-416E-9582-E9FD0EB6D616}.Release|Any CPU.ActiveCfg = Release|Any CPU
		{9F890EF3-3AED-416E-9582-E9FD0EB6D616}.Release|Any CPU.Build.0 = Release|Any CPU
		{9CCCC083-0DE1-4296-A251-2310E7CF5B76}.Debug|Any CPU.ActiveCfg = Debug|Any CPU
		{9CCCC083-0DE1-4296-A251-2310E7CF5B76}.Debug|Any CPU.Build.0 = Debug|Any CPU
		{9CCCC083-0DE1-4296-A251-2310E7CF5B76}.Release|Any CPU.ActiveCfg = Release|Any CPU
		{9CCCC083-0DE1-4296-A251-2310E7CF5B76}.Release|Any CPU.Build.0 = Release|Any CPU
	EndGlobalSection
	GlobalSection(SolutionProperties) = preSolution
		HideSolutionNode = FALSE
	EndGlobalSection
	GlobalSection(ExtensibilityGlobals) = postSolution
		SolutionGuid = {09845020-3D7C-47C0-BC41-27A05C2955C0}
	EndGlobalSection
EndGlobal
